
Microsoft Visual Studio Solution File, Format Version 12.00
# Visual Studio Version 17
VisualStudioVersion = 17.6.33829.357
MinimumVisualStudioVersion = 10.0.40219.1
Project("{FAE04EC0-301F-11D3-BF4B-00C04F79EFBC}") = "Day-3Week2", "Day-3Week2\Day-3Week2.csproj", "{EF71A24C-799A-430E-91DC-9DB22A67C451}"
EndProject
Global
	GlobalSection(SolutionConfigurationPlatforms) = preSolution
		Debug|Any CPU = Debug|Any CPU
		Release|Any CPU = Release|Any CPU
	EndGlobalSection
	GlobalSection(ProjectConfigurationPlatforms) = postSolution
		{EF71A24C-799A-430E-91DC-9DB22A67C451}.Debug|Any CPU.ActiveCfg = Debug|Any CPU
		{EF71A24C-799A-430E-91DC-9DB22A67C451}.Debug|Any CPU.Build.0 = Debug|Any CPU
		{EF71A24C-799A-430E-91DC-9DB22A67C451}.Release|Any CPU.ActiveCfg = Release|Any CPU
		{EF71A24C-799A-430E-91DC-9DB22A67C451}.Release|Any CPU.Build.0 = Release|Any CPU
	EndGlobalSection
	GlobalSection(SolutionProperties) = preSolution
		HideSolutionNode = FALSE
	EndGlobalSection
	GlobalSection(ExtensibilityGlobals) = postSolution
		SolutionGuid = {863895FA-7401-41F9-85A2-5E60AF3596EA}
	EndGlobalSection
EndGlobal
